// !$*UTF8*$!
{
	archiveVersion = 1;
	classes = {
	};
	objectVersion = 46;
	objects = {

/* Begin PBXBuildFile section */
		121AAA011646AB190084A07A /* pausebutton.png in Resources */ = {isa = PBXBuildFile; fileRef = 121AA9FE1646AB180084A07A /* pausebutton.png */; };
		121AAA021646AB190084A07A /* pausebutton@2x.png in Resources */ = {isa = PBXBuildFile; fileRef = 121AA9FF1646AB190084A07A /* pausebutton@2x.png */; };
		121AAA031646AB190084A07A /* playbutton@2x.png in Resources */ = {isa = PBXBuildFile; fileRef = 121AAA001646AB190084A07A /* playbutton@2x.png */; };
		121AAA051646AB320084A07A /* smsbutton@2x.png in Resources */ = {isa = PBXBuildFile; fileRef = 121AAA041646AB320084A07A /* smsbutton@2x.png */; };
		121AAA071646AB390084A07A /* fbbutton@2x.png in Resources */ = {isa = PBXBuildFile; fileRef = 121AAA061646AB390084A07A /* fbbutton@2x.png */; };
		121AAA091646AB590084A07A /* logo@2x.png in Resources */ = {isa = PBXBuildFile; fileRef = 121AAA081646AB590084A07A /* logo@2x.png */; };
		121AAA0B1646AB6C0084A07A /* bg_live.png in Resources */ = {isa = PBXBuildFile; fileRef = 121AAA0A1646AB6C0084A07A /* bg_live.png */; };
		121AAA101646B0BB0084A07A /* down-new.png in Resources */ = {isa = PBXBuildFile; fileRef = 121AAA0C1646B0BB0084A07A /* down-new.png */; };
		121AAA111646B0BB0084A07A /* new-new.png in Resources */ = {isa = PBXBuildFile; fileRef = 121AAA0D1646B0BB0084A07A /* new-new.png */; };
		121AAA121646B0BB0084A07A /* stable-new.png in Resources */ = {isa = PBXBuildFile; fileRef = 121AAA0E1646B0BB0084A07A /* stable-new.png */; };
		121AAA131646B0BB0084A07A /* up-new.png in Resources */ = {isa = PBXBuildFile; fileRef = 121AAA0F1646B0BB0084A07A /* up-new.png */; };
		121AAA191646B7FE0084A07A /* new-new@2x.png in Resources */ = {isa = PBXBuildFile; fileRef = 121AAA151646B7FE0084A07A /* new-new@2x.png */; };
		121AAA1A1646B7FE0084A07A /* stable-new@2x.png in Resources */ = {isa = PBXBuildFile; fileRef = 121AAA161646B7FE0084A07A /* stable-new@2x.png */; };
		121AAA1B1646B7FE0084A07A /* up-new@2x.png in Resources */ = {isa = PBXBuildFile; fileRef = 121AAA171646B7FE0084A07A /* up-new@2x.png */; };
		121AAA1D1646B91C0084A07A /* down-new@2x.png in Resources */ = {isa = PBXBuildFile; fileRef = 121AAA1C1646B91C0084A07A /* down-new@2x.png */; };
		121AAA201646BA360084A07A /* 120-headphones.png in Resources */ = {isa = PBXBuildFile; fileRef = 121AAA1E1646BA350084A07A /* 120-headphones.png */; };
		121AAA211646BA360084A07A /* 120-headphones@2x.png in Resources */ = {isa = PBXBuildFile; fileRef = 121AAA1F1646BA360084A07A /* 120-headphones@2x.png */; };
		121AAA241646BA890084A07A /* 112-group.png in Resources */ = {isa = PBXBuildFile; fileRef = 121AAA221646BA890084A07A /* 112-group.png */; };
		121AAA251646BA890084A07A /* 112-group@2x.png in Resources */ = {isa = PBXBuildFile; fileRef = 121AAA231646BA890084A07A /* 112-group@2x.png */; };
		121AAA281646BA9D0084A07A /* 124-bullhorn.png in Resources */ = {isa = PBXBuildFile; fileRef = 121AAA261646BA9D0084A07A /* 124-bullhorn.png */; };
		121AAA291646BA9D0084A07A /* 124-bullhorn@2x.png in Resources */ = {isa = PBXBuildFile; fileRef = 121AAA271646BA9D0084A07A /* 124-bullhorn@2x.png */; };
		121AAA2C1646BB010084A07A /* 194-note-2.png in Resources */ = {isa = PBXBuildFile; fileRef = 121AAA2A1646BB010084A07A /* 194-note-2.png */; };
		121AAA2D1646BB010084A07A /* 194-note-2@2x.png in Resources */ = {isa = PBXBuildFile; fileRef = 121AAA2B1646BB010084A07A /* 194-note-2@2x.png */; };
		122F0B7E164AC6FB0037D1B7 /* pre@2x.png in Resources */ = {isa = PBXBuildFile; fileRef = 122F0B7C164AC6FB0037D1B7 /* pre@2x.png */; };
		122F0B86164AC8490037D1B7 /* prexx.png in Resources */ = {isa = PBXBuildFile; fileRef = 122F0B85164AC8490037D1B7 /* prexx.png */; };
		122F0B8A164AC9B30037D1B7 /* pre.png in Resources */ = {isa = PBXBuildFile; fileRef = 122F0B89164AC9B30037D1B7 /* pre.png */; };
		61E326AC16B6418D00A9B732 /* Default.png in Resources */ = {isa = PBXBuildFile; fileRef = 61E326A916B6418D00A9B732 /* Default.png */; };
		61E326AD16B6418D00A9B732 /* Default@2x.png in Resources */ = {isa = PBXBuildFile; fileRef = 61E326AA16B6418D00A9B732 /* Default@2x.png */; };
		61E326AF16B642B000A9B732 /* Default-568h@2x.png in Resources */ = {isa = PBXBuildFile; fileRef = 61E326AE16B642B000A9B732 /* Default-568h@2x.png */; };
		61E326B116B6445D00A9B732 /* icon.png in Resources */ = {isa = PBXBuildFile; fileRef = 61E326B016B6445D00A9B732 /* icon.png */; };
		61E326B316B6446700A9B732 /* icon@2x.png in Resources */ = {isa = PBXBuildFile; fileRef = 61E326B216B6446700A9B732 /* icon@2x.png */; };
		9A1B14951632748100527874 /* bg_live@2x.png in Resources */ = {isa = PBXBuildFile; fileRef = 9A1B14941632748100527874 /* bg_live@2x.png */; };
		9A1B1497163275A100527874 /* Gradient_background.png in Resources */ = {isa = PBXBuildFile; fileRef = 9A1B1496163275A100527874 /* Gradient_background.png */; };
		9A30802016B64967002B14D6 /* MBProgressHUD.m in Sources */ = {isa = PBXBuildFile; fileRef = 9A30801F16B64967002B14D6 /* MBProgressHUD.m */; };
		9A30803F16B64A12002B14D6 /* CFNetwork.framework in Frameworks */ = {isa = PBXBuildFile; fileRef = 9A30803E16B64A12002B14D6 /* CFNetwork.framework */; };
		9A30804116B64A33002B14D6 /* SystemConfiguration.framework in Frameworks */ = {isa = PBXBuildFile; fileRef = 9A30804016B64A33002B14D6 /* SystemConfiguration.framework */; };
		9A30804316B64A3A002B14D6 /* MobileCoreServices.framework in Frameworks */ = {isa = PBXBuildFile; fileRef = 9A30804216B64A3A002B14D6 /* MobileCoreServices.framework */; };
		9A30804516B64A42002B14D6 /* libz.1.2.5.dylib in Frameworks */ = {isa = PBXBuildFile; fileRef = 9A30804416B64A42002B14D6 /* libz.1.2.5.dylib */; };
		9A5572131632772E00C77B19 /* NSObject+SBJson.m in Sources */ = {isa = PBXBuildFile; fileRef = 9A5571FB1632772E00C77B19 /* NSObject+SBJson.m */; };
		9A5572141632772E00C77B19 /* SBJsonParser.m in Sources */ = {isa = PBXBuildFile; fileRef = 9A5571FE1632772E00C77B19 /* SBJsonParser.m */; };
		9A5572151632772E00C77B19 /* SBJsonStreamParser.m in Sources */ = {isa = PBXBuildFile; fileRef = 9A5572001632772E00C77B19 /* SBJsonStreamParser.m */; };
		9A5572161632772E00C77B19 /* SBJsonStreamParserAccumulator.m in Sources */ = {isa = PBXBuildFile; fileRef = 9A5572021632772E00C77B19 /* SBJsonStreamParserAccumulator.m */; };
		9A5572171632772E00C77B19 /* SBJsonStreamParserAdapter.m in Sources */ = {isa = PBXBuildFile; fileRef = 9A5572041632772E00C77B19 /* SBJsonStreamParserAdapter.m */; };
		9A5572181632772E00C77B19 /* SBJsonStreamParserState.m in Sources */ = {isa = PBXBuildFile; fileRef = 9A5572061632772E00C77B19 /* SBJsonStreamParserState.m */; };
		9A5572191632772E00C77B19 /* SBJsonStreamWriter.m in Sources */ = {isa = PBXBuildFile; fileRef = 9A5572081632772E00C77B19 /* SBJsonStreamWriter.m */; };
		9A55721A1632772E00C77B19 /* SBJsonStreamWriterAccumulator.m in Sources */ = {isa = PBXBuildFile; fileRef = 9A55720A1632772E00C77B19 /* SBJsonStreamWriterAccumulator.m */; };
		9A55721B1632772E00C77B19 /* SBJsonStreamWriterState.m in Sources */ = {isa = PBXBuildFile; fileRef = 9A55720C1632772E00C77B19 /* SBJsonStreamWriterState.m */; };
		9A55721C1632772E00C77B19 /* SBJsonTokeniser.m in Sources */ = {isa = PBXBuildFile; fileRef = 9A55720E1632772E00C77B19 /* SBJsonTokeniser.m */; };
		9A55721D1632772E00C77B19 /* SBJsonUTF8Stream.m in Sources */ = {isa = PBXBuildFile; fileRef = 9A5572101632772E00C77B19 /* SBJsonUTF8Stream.m */; };
		9A55721E1632772E00C77B19 /* SBJsonWriter.m in Sources */ = {isa = PBXBuildFile; fileRef = 9A5572121632772E00C77B19 /* SBJsonWriter.m */; };
		9A5E3B7E164629B900A7AFBC /* xTableChart.m in Sources */ = {isa = PBXBuildFile; fileRef = 9A5E3B7D164629B900A7AFBC /* xTableChart.m */; };
		9A7A5280162AD25A00348379 /* UIKit.framework in Frameworks */ = {isa = PBXBuildFile; fileRef = 9A7A527F162AD25A00348379 /* UIKit.framework */; };
		9A7A5282162AD25A00348379 /* Foundation.framework in Frameworks */ = {isa = PBXBuildFile; fileRef = 9A7A5281162AD25A00348379 /* Foundation.framework */; };
		9A7A5284162AD25A00348379 /* CoreGraphics.framework in Frameworks */ = {isa = PBXBuildFile; fileRef = 9A7A5283162AD25A00348379 /* CoreGraphics.framework */; };
		9A7A528A162AD25A00348379 /* InfoPlist.strings in Resources */ = {isa = PBXBuildFile; fileRef = 9A7A5288162AD25A00348379 /* InfoPlist.strings */; };
		9A7A528C162AD25A00348379 /* main.m in Sources */ = {isa = PBXBuildFile; fileRef = 9A7A528B162AD25A00348379 /* main.m */; };
		9A7A5290162AD25A00348379 /* AppDelegate.m in Sources */ = {isa = PBXBuildFile; fileRef = 9A7A528F162AD25A00348379 /* AppDelegate.m */; };
		9A7A5296162AD25B00348379 /* Default-568h@2x.png in Resources */ = {isa = PBXBuildFile; fileRef = 9A7A5295162AD25B00348379 /* Default-568h@2x.png */; };
		9A7A5299162AD25B00348379 /* MainStoryboard.storyboard in Resources */ = {isa = PBXBuildFile; fileRef = 9A7A5297162AD25B00348379 /* MainStoryboard.storyboard */; };
		9A7A529C162AD25B00348379 /* FirstViewController.m in Sources */ = {isa = PBXBuildFile; fileRef = 9A7A529B162AD25B00348379 /* FirstViewController.m */; };
		9A7A529E162AD25B00348379 /* first.png in Resources */ = {isa = PBXBuildFile; fileRef = 9A7A529D162AD25B00348379 /* first.png */; };
		9A7A52A0162AD25B00348379 /* first@2x.png in Resources */ = {isa = PBXBuildFile; fileRef = 9A7A529F162AD25B00348379 /* first@2x.png */; };
		9A7A52A3162AD25C00348379 /* SecondViewController.m in Sources */ = {isa = PBXBuildFile; fileRef = 9A7A52A2162AD25C00348379 /* SecondViewController.m */; };
		9A7A52A5162AD25C00348379 /* second.png in Resources */ = {isa = PBXBuildFile; fileRef = 9A7A52A4162AD25C00348379 /* second.png */; };
		9A7A52A7162AD25C00348379 /* second@2x.png in Resources */ = {isa = PBXBuildFile; fileRef = 9A7A52A6162AD25C00348379 /* second@2x.png */; };
		9A7A52B1162AD59E00348379 /* fbbutton.png in Resources */ = {isa = PBXBuildFile; fileRef = 9A7A52AD162AD59E00348379 /* fbbutton.png */; };
		9A7A52B2162AD59E00348379 /* logo.png in Resources */ = {isa = PBXBuildFile; fileRef = 9A7A52AE162AD59E00348379 /* logo.png */; };
		9A7A52B3162AD59E00348379 /* playbutton.png in Resources */ = {isa = PBXBuildFile; fileRef = 9A7A52AF162AD59E00348379 /* playbutton.png */; };
		9A7A52B4162AD59E00348379 /* smsbutton.png in Resources */ = {isa = PBXBuildFile; fileRef = 9A7A52B0162AD59E00348379 /* smsbutton.png */; };
		9A7A52BB162ADA0B00348379 /* AVFoundation.framework in Frameworks */ = {isa = PBXBuildFile; fileRef = 9A7A52BA162ADA0B00348379 /* AVFoundation.framework */; };
		9A7A52BD162ADA1000348379 /* MediaPlayer.framework in Frameworks */ = {isa = PBXBuildFile; fileRef = 9A7A52BC162ADA1000348379 /* MediaPlayer.framework */; };
		9AC802191646C5EF00067334 /* AudioToolbox.framework in Frameworks */ = {isa = PBXBuildFile; fileRef = 9AC802181646C5EF00067334 /* AudioToolbox.framework */; };
		9AE74F2F163292A300A5515C /* xActivityViewController.m in Sources */ = {isa = PBXBuildFile; fileRef = 9AE74F2E163292A300A5515C /* xActivityViewController.m */; };
		9AE74F331632966700A5515C /* DetailViewController.m in Sources */ = {isa = PBXBuildFile; fileRef = 9AE74F321632966700A5515C /* DetailViewController.m */; };
/* End PBXBuildFile section */

/* Begin PBXFileReference section */
		121AA9FE1646AB180084A07A /* pausebutton.png */ = {isa = PBXFileReference; lastKnownFileType = image.png; path = pausebutton.png; sourceTree = "<group>"; };
		121AA9FF1646AB190084A07A /* pausebutton@2x.png */ = {isa = PBXFileReference; lastKnownFileType = image.png; path = "pausebutton@2x.png"; sourceTree = "<group>"; };
		121AAA001646AB190084A07A /* playbutton@2x.png */ = {isa = PBXFileReference; lastKnownFileType = image.png; path = "playbutton@2x.png"; sourceTree = "<group>"; };
		121AAA041646AB320084A07A /* smsbutton@2x.png */ = {isa = PBXFileReference; lastKnownFileType = image.png; path = "smsbutton@2x.png"; sourceTree = "<group>"; };
		121AAA061646AB390084A07A /* fbbutton@2x.png */ = {isa = PBXFileReference; lastKnownFileType = image.png; path = "fbbutton@2x.png"; sourceTree = "<group>"; };
		121AAA081646AB590084A07A /* logo@2x.png */ = {isa = PBXFileReference; lastKnownFileType = image.png; path = "logo@2x.png"; sourceTree = "<group>"; };
		121AAA0A1646AB6C0084A07A /* bg_live.png */ = {isa = PBXFileReference; lastKnownFileType = image.png; path = bg_live.png; sourceTree = "<group>"; };
		121AAA0C1646B0BB0084A07A /* down-new.png */ = {isa = PBXFileReference; lastKnownFileType = image.png; path = "down-new.png"; sourceTree = "<group>"; };
		121AAA0D1646B0BB0084A07A /* new-new.png */ = {isa = PBXFileReference; lastKnownFileType = image.png; path = "new-new.png"; sourceTree = "<group>"; };
		121AAA0E1646B0BB0084A07A /* stable-new.png */ = {isa = PBXFileReference; lastKnownFileType = image.png; path = "stable-new.png"; sourceTree = "<group>"; };
		121AAA0F1646B0BB0084A07A /* up-new.png */ = {isa = PBXFileReference; lastKnownFileType = image.png; path = "up-new.png"; sourceTree = "<group>"; };
		121AAA151646B7FE0084A07A /* new-new@2x.png */ = {isa = PBXFileReference; lastKnownFileType = image.png; path = "new-new@2x.png"; sourceTree = "<group>"; };
		121AAA161646B7FE0084A07A /* stable-new@2x.png */ = {isa = PBXFileReference; lastKnownFileType = image.png; path = "stable-new@2x.png"; sourceTree = "<group>"; };
		121AAA171646B7FE0084A07A /* up-new@2x.png */ = {isa = PBXFileReference; lastKnownFileType = image.png; path = "up-new@2x.png"; sourceTree = "<group>"; };
		121AAA1C1646B91C0084A07A /* down-new@2x.png */ = {isa = PBXFileReference; lastKnownFileType = image.png; path = "down-new@2x.png"; sourceTree = "<group>"; };
		121AAA1E1646BA350084A07A /* 120-headphones.png */ = {isa = PBXFileReference; lastKnownFileType = image.png; path = "120-headphones.png"; sourceTree = "<group>"; };
		121AAA1F1646BA360084A07A /* 120-headphones@2x.png */ = {isa = PBXFileReference; lastKnownFileType = image.png; path = "120-headphones@2x.png"; sourceTree = "<group>"; };
		121AAA221646BA890084A07A /* 112-group.png */ = {isa = PBXFileReference; lastKnownFileType = image.png; path = "112-group.png"; sourceTree = "<group>"; };
		121AAA231646BA890084A07A /* 112-group@2x.png */ = {isa = PBXFileReference; lastKnownFileType = image.png; path = "112-group@2x.png"; sourceTree = "<group>"; };
		121AAA261646BA9D0084A07A /* 124-bullhorn.png */ = {isa = PBXFileReference; lastKnownFileType = image.png; path = "124-bullhorn.png"; sourceTree = "<group>"; };
		121AAA271646BA9D0084A07A /* 124-bullhorn@2x.png */ = {isa = PBXFileReference; lastKnownFileType = image.png; path = "124-bullhorn@2x.png"; sourceTree = "<group>"; };
		121AAA2A1646BB010084A07A /* 194-note-2.png */ = {isa = PBXFileReference; lastKnownFileType = image.png; path = "194-note-2.png"; sourceTree = "<group>"; };
		121AAA2B1646BB010084A07A /* 194-note-2@2x.png */ = {isa = PBXFileReference; lastKnownFileType = image.png; path = "194-note-2@2x.png"; sourceTree = "<group>"; };
		122F0B79164AC5640037D1B7 /* icon.png */ = {isa = PBXFileReference; lastKnownFileType = image.png; path = icon.png; sourceTree = "<group>"; };
		122F0B7C164AC6FB0037D1B7 /* pre@2x.png */ = {isa = PBXFileReference; lastKnownFileType = image.png; path = "pre@2x.png"; sourceTree = "<group>"; };
		122F0B85164AC8490037D1B7 /* prexx.png */ = {isa = PBXFileReference; lastKnownFileType = image.png; path = prexx.png; sourceTree = "<group>"; };
		122F0B89164AC9B30037D1B7 /* pre.png */ = {isa = PBXFileReference; lastKnownFileType = image.png; path = pre.png; sourceTree = "<group>"; };
		122F0B8B164ACB060037D1B7 /* icon@2x.png */ = {isa = PBXFileReference; lastKnownFileType = image.png; path = "icon@2x.png"; sourceTree = "<group>"; };
		12996EB016475142000B867F /* RadioX.entitlements */ = {isa = PBXFileReference; lastKnownFileType = text.xml; path = RadioX.entitlements; sourceTree = "<group>"; };
		61E326A916B6418D00A9B732 /* Default.png */ = {isa = PBXFileReference; lastKnownFileType = image.png; path = Default.png; sourceTree = "<group>"; };
		61E326AA16B6418D00A9B732 /* Default@2x.png */ = {isa = PBXFileReference; lastKnownFileType = image.png; path = "Default@2x.png"; sourceTree = "<group>"; };
		61E326AE16B642B000A9B732 /* Default-568h@2x.png */ = {isa = PBXFileReference; lastKnownFileType = image.png; path = "Default-568h@2x.png"; sourceTree = "<group>"; };
		61E326B016B6445D00A9B732 /* icon.png */ = {isa = PBXFileReference; lastKnownFileType = image.png; path = icon.png; sourceTree = "<group>"; };
		61E326B216B6446700A9B732 /* icon@2x.png */ = {isa = PBXFileReference; lastKnownFileType = image.png; path = "icon@2x.png"; sourceTree = "<group>"; };
		9A1B14941632748100527874 /* bg_live@2x.png */ = {isa = PBXFileReference; lastKnownFileType = image.png; path = "bg_live@2x.png"; sourceTree = "<group>"; };
		9A1B1496163275A100527874 /* Gradient_background.png */ = {isa = PBXFileReference; lastKnownFileType = image.png; path = Gradient_background.png; sourceTree = "<group>"; };
		9A30801E16B64967002B14D6 /* MBProgressHUD.h */ = {isa = PBXFileReference; fileEncoding = 4; lastKnownFileType = sourcecode.c.h; path = MBProgressHUD.h; sourceTree = "<group>"; };
		9A30801F16B64967002B14D6 /* MBProgressHUD.m */ = {isa = PBXFileReference; fileEncoding = 4; lastKnownFileType = sourcecode.c.objc; path = MBProgressHUD.m; sourceTree = "<group>"; };
		9A30803E16B64A12002B14D6 /* CFNetwork.framework */ = {isa = PBXFileReference; lastKnownFileType = wrapper.framework; name = CFNetwork.framework; path = System/Library/Frameworks/CFNetwork.framework; sourceTree = SDKROOT; };
		9A30804016B64A33002B14D6 /* SystemConfiguration.framework */ = {isa = PBXFileReference; lastKnownFileType = wrapper.framework; name = SystemConfiguration.framework; path = System/Library/Frameworks/SystemConfiguration.framework; sourceTree = SDKROOT; };
		9A30804216B64A3A002B14D6 /* MobileCoreServices.framework */ = {isa = PBXFileReference; lastKnownFileType = wrapper.framework; name = MobileCoreServices.framework; path = System/Library/Frameworks/MobileCoreServices.framework; sourceTree = SDKROOT; };
		9A30804416B64A42002B14D6 /* libz.1.2.5.dylib */ = {isa = PBXFileReference; lastKnownFileType = "compiled.mach-o.dylib"; name = libz.1.2.5.dylib; path = usr/lib/libz.1.2.5.dylib; sourceTree = SDKROOT; };
		9A5571FA1632772E00C77B19 /* NSObject+SBJson.h */ = {isa = PBXFileReference; fileEncoding = 4; lastKnownFileType = sourcecode.c.h; path = "NSObject+SBJson.h"; sourceTree = "<group>"; };
		9A5571FB1632772E00C77B19 /* NSObject+SBJson.m */ = {isa = PBXFileReference; fileEncoding = 4; lastKnownFileType = sourcecode.c.objc; path = "NSObject+SBJson.m"; sourceTree = "<group>"; };
		9A5571FC1632772E00C77B19 /* SBJson.h */ = {isa = PBXFileReference; fileEncoding = 4; lastKnownFileType = sourcecode.c.h; path = SBJson.h; sourceTree = "<group>"; };
		9A5571FD1632772E00C77B19 /* SBJsonParser.h */ = {isa = PBXFileReference; fileEncoding = 4; lastKnownFileType = sourcecode.c.h; path = SBJsonParser.h; sourceTree = "<group>"; };
		9A5571FE1632772E00C77B19 /* SBJsonParser.m */ = {isa = PBXFileReference; fileEncoding = 4; lastKnownFileType = sourcecode.c.objc; path = SBJsonParser.m; sourceTree = "<group>"; };
		9A5571FF1632772E00C77B19 /* SBJsonStreamParser.h */ = {isa = PBXFileReference; fileEncoding = 4; lastKnownFileType = sourcecode.c.h; path = SBJsonStreamParser.h; sourceTree = "<group>"; };
		9A5572001632772E00C77B19 /* SBJsonStreamParser.m */ = {isa = PBXFileReference; fileEncoding = 4; lastKnownFileType = sourcecode.c.objc; path = SBJsonStreamParser.m; sourceTree = "<group>"; };
		9A5572011632772E00C77B19 /* SBJsonStreamParserAccumulator.h */ = {isa = PBXFileReference; fileEncoding = 4; lastKnownFileType = sourcecode.c.h; path = SBJsonStreamParserAccumulator.h; sourceTree = "<group>"; };
		9A5572021632772E00C77B19 /* SBJsonStreamParserAccumulator.m */ = {isa = PBXFileReference; fileEncoding = 4; lastKnownFileType = sourcecode.c.objc; path = SBJsonStreamParserAccumulator.m; sourceTree = "<group>"; };
		9A5572031632772E00C77B19 /* SBJsonStreamParserAdapter.h */ = {isa = PBXFileReference; fileEncoding = 4; lastKnownFileType = sourcecode.c.h; path = SBJsonStreamParserAdapter.h; sourceTree = "<group>"; };
		9A5572041632772E00C77B19 /* SBJsonStreamParserAdapter.m */ = {isa = PBXFileReference; fileEncoding = 4; lastKnownFileType = sourcecode.c.objc; path = SBJsonStreamParserAdapter.m; sourceTree = "<group>"; };
		9A5572051632772E00C77B19 /* SBJsonStreamParserState.h */ = {isa = PBXFileReference; fileEncoding = 4; lastKnownFileType = sourcecode.c.h; path = SBJsonStreamParserState.h; sourceTree = "<group>"; };
		9A5572061632772E00C77B19 /* SBJsonStreamParserState.m */ = {isa = PBXFileReference; fileEncoding = 4; lastKnownFileType = sourcecode.c.objc; path = SBJsonStreamParserState.m; sourceTree = "<group>"; };
		9A5572071632772E00C77B19 /* SBJsonStreamWriter.h */ = {isa = PBXFileReference; fileEncoding = 4; lastKnownFileType = sourcecode.c.h; path = SBJsonStreamWriter.h; sourceTree = "<group>"; };
		9A5572081632772E00C77B19 /* SBJsonStreamWriter.m */ = {isa = PBXFileReference; fileEncoding = 4; lastKnownFileType = sourcecode.c.objc; path = SBJsonStreamWriter.m; sourceTree = "<group>"; };
		9A5572091632772E00C77B19 /* SBJsonStreamWriterAccumulator.h */ = {isa = PBXFileReference; fileEncoding = 4; lastKnownFileType = sourcecode.c.h; path = SBJsonStreamWriterAccumulator.h; sourceTree = "<group>"; };
		9A55720A1632772E00C77B19 /* SBJsonStreamWriterAccumulator.m */ = {isa = PBXFileReference; fileEncoding = 4; lastKnownFileType = sourcecode.c.objc; path = SBJsonStreamWriterAccumulator.m; sourceTree = "<group>"; };
		9A55720B1632772E00C77B19 /* SBJsonStreamWriterState.h */ = {isa = PBXFileReference; fileEncoding = 4; lastKnownFileType = sourcecode.c.h; path = SBJsonStreamWriterState.h; sourceTree = "<group>"; };
		9A55720C1632772E00C77B19 /* SBJsonStreamWriterState.m */ = {isa = PBXFileReference; fileEncoding = 4; lastKnownFileType = sourcecode.c.objc; path = SBJsonStreamWriterState.m; sourceTree = "<group>"; };
		9A55720D1632772E00C77B19 /* SBJsonTokeniser.h */ = {isa = PBXFileReference; fileEncoding = 4; lastKnownFileType = sourcecode.c.h; path = SBJsonTokeniser.h; sourceTree = "<group>"; };
		9A55720E1632772E00C77B19 /* SBJsonTokeniser.m */ = {isa = PBXFileReference; fileEncoding = 4; lastKnownFileType = sourcecode.c.objc; path = SBJsonTokeniser.m; sourceTree = "<group>"; };
		9A55720F1632772E00C77B19 /* SBJsonUTF8Stream.h */ = {isa = PBXFileReference; fileEncoding = 4; lastKnownFileType = sourcecode.c.h; path = SBJsonUTF8Stream.h; sourceTree = "<group>"; };
		9A5572101632772E00C77B19 /* SBJsonUTF8Stream.m */ = {isa = PBXFileReference; fileEncoding = 4; lastKnownFileType = sourcecode.c.objc; path = SBJsonUTF8Stream.m; sourceTree = "<group>"; };
		9A5572111632772E00C77B19 /* SBJsonWriter.h */ = {isa = PBXFileReference; fileEncoding = 4; lastKnownFileType = sourcecode.c.h; path = SBJsonWriter.h; sourceTree = "<group>"; };
		9A5572121632772E00C77B19 /* SBJsonWriter.m */ = {isa = PBXFileReference; fileEncoding = 4; lastKnownFileType = sourcecode.c.objc; path = SBJsonWriter.m; sourceTree = "<group>"; };
		9A5E3B7C164629B900A7AFBC /* xTableChart.h */ = {isa = PBXFileReference; fileEncoding = 4; lastKnownFileType = sourcecode.c.h; path = xTableChart.h; sourceTree = "<group>"; };
		9A5E3B7D164629B900A7AFBC /* xTableChart.m */ = {isa = PBXFileReference; fileEncoding = 4; lastKnownFileType = sourcecode.c.objc; path = xTableChart.m; sourceTree = "<group>"; };
		9A7A527B162AD25A00348379 /* RadioX.app */ = {isa = PBXFileReference; explicitFileType = wrapper.application; includeInIndex = 0; path = RadioX.app; sourceTree = BUILT_PRODUCTS_DIR; };
		9A7A527F162AD25A00348379 /* UIKit.framework */ = {isa = PBXFileReference; lastKnownFileType = wrapper.framework; name = UIKit.framework; path = System/Library/Frameworks/UIKit.framework; sourceTree = SDKROOT; };
		9A7A5281162AD25A00348379 /* Foundation.framework */ = {isa = PBXFileReference; lastKnownFileType = wrapper.framework; name = Foundation.framework; path = System/Library/Frameworks/Foundation.framework; sourceTree = SDKROOT; };
		9A7A5283162AD25A00348379 /* CoreGraphics.framework */ = {isa = PBXFileReference; lastKnownFileType = wrapper.framework; name = CoreGraphics.framework; path = System/Library/Frameworks/CoreGraphics.framework; sourceTree = SDKROOT; };
		9A7A5287162AD25A00348379 /* RadioX-Info.plist */ = {isa = PBXFileReference; lastKnownFileType = text.plist.xml; path = "RadioX-Info.plist"; sourceTree = "<group>"; };
		9A7A5289162AD25A00348379 /* en */ = {isa = PBXFileReference; lastKnownFileType = text.plist.strings; name = en; path = en.lproj/InfoPlist.strings; sourceTree = "<group>"; };
		9A7A528B162AD25A00348379 /* main.m */ = {isa = PBXFileReference; lastKnownFileType = sourcecode.c.objc; path = main.m; sourceTree = "<group>"; };
		9A7A528D162AD25A00348379 /* RadioX-Prefix.pch */ = {isa = PBXFileReference; lastKnownFileType = sourcecode.c.h; path = "RadioX-Prefix.pch"; sourceTree = "<group>"; };
		9A7A528E162AD25A00348379 /* AppDelegate.h */ = {isa = PBXFileReference; lastKnownFileType = sourcecode.c.h; path = AppDelegate.h; sourceTree = "<group>"; };
		9A7A528F162AD25A00348379 /* AppDelegate.m */ = {isa = PBXFileReference; lastKnownFileType = sourcecode.c.objc; path = AppDelegate.m; sourceTree = "<group>"; };
		9A7A5291162AD25A00348379 /* Default.png */ = {isa = PBXFileReference; lastKnownFileType = image.png; path = Default.png; sourceTree = "<group>"; };
		9A7A5293162AD25B00348379 /* Default@2x.png */ = {isa = PBXFileReference; lastKnownFileType = image.png; path = "Default@2x.png"; sourceTree = "<group>"; };
		9A7A5295162AD25B00348379 /* Default-568h@2x.png */ = {isa = PBXFileReference; lastKnownFileType = image.png; path = "Default-568h@2x.png"; sourceTree = "<group>"; };
		9A7A5298162AD25B00348379 /* en */ = {isa = PBXFileReference; lastKnownFileType = file.storyboard; name = en; path = en.lproj/MainStoryboard.storyboard; sourceTree = "<group>"; };
		9A7A529A162AD25B00348379 /* FirstViewController.h */ = {isa = PBXFileReference; lastKnownFileType = sourcecode.c.h; path = FirstViewController.h; sourceTree = "<group>"; };
		9A7A529B162AD25B00348379 /* FirstViewController.m */ = {isa = PBXFileReference; lastKnownFileType = sourcecode.c.objc; path = FirstViewController.m; sourceTree = "<group>"; };
		9A7A529D162AD25B00348379 /* first.png */ = {isa = PBXFileReference; lastKnownFileType = image.png; path = first.png; sourceTree = "<group>"; };
		9A7A529F162AD25B00348379 /* first@2x.png */ = {isa = PBXFileReference; lastKnownFileType = image.png; path = "first@2x.png"; sourceTree = "<group>"; };
		9A7A52A1162AD25B00348379 /* SecondViewController.h */ = {isa = PBXFileReference; lastKnownFileType = sourcecode.c.h; path = SecondViewController.h; sourceTree = "<group>"; };
		9A7A52A2162AD25C00348379 /* SecondViewController.m */ = {isa = PBXFileReference; lastKnownFileType = sourcecode.c.objc; path = SecondViewController.m; sourceTree = "<group>"; };
		9A7A52A4162AD25C00348379 /* second.png */ = {isa = PBXFileReference; lastKnownFileType = image.png; path = second.png; sourceTree = "<group>"; };
		9A7A52A6162AD25C00348379 /* second@2x.png */ = {isa = PBXFileReference; lastKnownFileType = image.png; path = "second@2x.png"; sourceTree = "<group>"; };
		9A7A52AD162AD59E00348379 /* fbbutton.png */ = {isa = PBXFileReference; lastKnownFileType = image.png; path = fbbutton.png; sourceTree = "<group>"; };
		9A7A52AE162AD59E00348379 /* logo.png */ = {isa = PBXFileReference; lastKnownFileType = image.png; path = logo.png; sourceTree = "<group>"; };
		9A7A52AF162AD59E00348379 /* playbutton.png */ = {isa = PBXFileReference; lastKnownFileType = image.png; path = playbutton.png; sourceTree = "<group>"; };
		9A7A52B0162AD59E00348379 /* smsbutton.png */ = {isa = PBXFileReference; lastKnownFileType = image.png; path = smsbutton.png; sourceTree = "<group>"; };
		9A7A52BA162ADA0B00348379 /* AVFoundation.framework */ = {isa = PBXFileReference; lastKnownFileType = wrapper.framework; name = AVFoundation.framework; path = System/Library/Frameworks/AVFoundation.framework; sourceTree = SDKROOT; };
		9A7A52BC162ADA1000348379 /* MediaPlayer.framework */ = {isa = PBXFileReference; lastKnownFileType = wrapper.framework; name = MediaPlayer.framework; path = System/Library/Frameworks/MediaPlayer.framework; sourceTree = SDKROOT; };
		9AC802181646C5EF00067334 /* AudioToolbox.framework */ = {isa = PBXFileReference; lastKnownFileType = wrapper.framework; name = AudioToolbox.framework; path = System/Library/Frameworks/AudioToolbox.framework; sourceTree = SDKROOT; };
		9AE74F2D163292A300A5515C /* xActivityViewController.h */ = {isa = PBXFileReference; fileEncoding = 4; lastKnownFileType = sourcecode.c.h; path = xActivityViewController.h; sourceTree = "<group>"; };
		9AE74F2E163292A300A5515C /* xActivityViewController.m */ = {isa = PBXFileReference; fileEncoding = 4; lastKnownFileType = sourcecode.c.objc; path = xActivityViewController.m; sourceTree = "<group>"; };
		9AE74F311632966700A5515C /* DetailViewController.h */ = {isa = PBXFileReference; fileEncoding = 4; lastKnownFileType = sourcecode.c.h; path = DetailViewController.h; sourceTree = "<group>"; };
		9AE74F321632966700A5515C /* DetailViewController.m */ = {isa = PBXFileReference; fileEncoding = 4; lastKnownFileType = sourcecode.c.objc; path = DetailViewController.m; sourceTree = "<group>"; };
/* End PBXFileReference section */

/* Begin PBXFrameworksBuildPhase section */
		9A7A5278162AD25A00348379 /* Frameworks */ = {
			isa = PBXFrameworksBuildPhase;
			buildActionMask = 2147483647;
			files = (
				9A30804516B64A42002B14D6 /* libz.1.2.5.dylib in Frameworks */,
				9A30804316B64A3A002B14D6 /* MobileCoreServices.framework in Frameworks */,
				9A30804116B64A33002B14D6 /* SystemConfiguration.framework in Frameworks */,
				9A30803F16B64A12002B14D6 /* CFNetwork.framework in Frameworks */,
				9AC802191646C5EF00067334 /* AudioToolbox.framework in Frameworks */,
				9A7A52BD162ADA1000348379 /* MediaPlayer.framework in Frameworks */,
				9A7A52BB162ADA0B00348379 /* AVFoundation.framework in Frameworks */,
				9A7A5280162AD25A00348379 /* UIKit.framework in Frameworks */,
				9A7A5282162AD25A00348379 /* Foundation.framework in Frameworks */,
				9A7A5284162AD25A00348379 /* CoreGraphics.framework in Frameworks */,
			);
			runOnlyForDeploymentPostprocessing = 0;
		};
/* End PBXFrameworksBuildPhase section */

/* Begin PBXGroup section */
		9A5571F91632771C00C77B19 /* 3rdParty */ = {
			isa = PBXGroup;
			children = (
				9A30801E16B64967002B14D6 /* MBProgressHUD.h */,
				9A30801F16B64967002B14D6 /* MBProgressHUD.m */,
				9A5571FA1632772E00C77B19 /* NSObject+SBJson.h */,
				9A5571FB1632772E00C77B19 /* NSObject+SBJson.m */,
				9A5571FC1632772E00C77B19 /* SBJson.h */,
				9A5571FD1632772E00C77B19 /* SBJsonParser.h */,
				9A5571FE1632772E00C77B19 /* SBJsonParser.m */,
				9A5571FF1632772E00C77B19 /* SBJsonStreamParser.h */,
				9A5572001632772E00C77B19 /* SBJsonStreamParser.m */,
				9A5572011632772E00C77B19 /* SBJsonStreamParserAccumulator.h */,
				9A5572021632772E00C77B19 /* SBJsonStreamParserAccumulator.m */,
				9A5572031632772E00C77B19 /* SBJsonStreamParserAdapter.h */,
				9A5572041632772E00C77B19 /* SBJsonStreamParserAdapter.m */,
				9A5572051632772E00C77B19 /* SBJsonStreamParserState.h */,
				9A5572061632772E00C77B19 /* SBJsonStreamParserState.m */,
				9A5572071632772E00C77B19 /* SBJsonStreamWriter.h */,
				9A5572081632772E00C77B19 /* SBJsonStreamWriter.m */,
				9A5572091632772E00C77B19 /* SBJsonStreamWriterAccumulator.h */,
				9A55720A1632772E00C77B19 /* SBJsonStreamWriterAccumulator.m */,
				9A55720B1632772E00C77B19 /* SBJsonStreamWriterState.h */,
				9A55720C1632772E00C77B19 /* SBJsonStreamWriterState.m */,
				9A55720D1632772E00C77B19 /* SBJsonTokeniser.h */,
				9A55720E1632772E00C77B19 /* SBJsonTokeniser.m */,
				9A55720F1632772E00C77B19 /* SBJsonUTF8Stream.h */,
				9A5572101632772E00C77B19 /* SBJsonUTF8Stream.m */,
				9A5572111632772E00C77B19 /* SBJsonWriter.h */,
				9A5572121632772E00C77B19 /* SBJsonWriter.m */,
			);
			name = 3rdParty;
			sourceTree = "<group>";
		};
		9A7A5270162AD25A00348379 = {
			isa = PBXGroup;
			children = (
				9A30804416B64A42002B14D6 /* libz.1.2.5.dylib */,
				9A30804216B64A3A002B14D6 /* MobileCoreServices.framework */,
				9A30804016B64A33002B14D6 /* SystemConfiguration.framework */,
				9A30803E16B64A12002B14D6 /* CFNetwork.framework */,
				61E326B216B6446700A9B732 /* icon@2x.png */,
				61E326B016B6445D00A9B732 /* icon.png */,
				61E326A916B6418D00A9B732 /* Default.png */,
				61E326AA16B6418D00A9B732 /* Default@2x.png */,
				61E326AE16B642B000A9B732 /* Default-568h@2x.png */,
				9AC802181646C5EF00067334 /* AudioToolbox.framework */,
				9A7A52BC162ADA1000348379 /* MediaPlayer.framework */,
				9A7A52BA162ADA0B00348379 /* AVFoundation.framework */,
				9A7A5285162AD25A00348379 /* RadioX */,
				9A7A527E162AD25A00348379 /* Frameworks */,
				9A7A527C162AD25A00348379 /* Products */,
			);
			sourceTree = "<group>";
		};
		9A7A527C162AD25A00348379 /* Products */ = {
			isa = PBXGroup;
			children = (
				9A7A527B162AD25A00348379 /* RadioX.app */,
			);
			name = Products;
			sourceTree = "<group>";
		};
		9A7A527E162AD25A00348379 /* Frameworks */ = {
			isa = PBXGroup;
			children = (
				9A7A527F162AD25A00348379 /* UIKit.framework */,
				9A7A5281162AD25A00348379 /* Foundation.framework */,
				9A7A5283162AD25A00348379 /* CoreGraphics.framework */,
			);
			name = Frameworks;
			sourceTree = "<group>";
		};
		9A7A5285162AD25A00348379 /* RadioX */ = {
			isa = PBXGroup;
			children = (
				12996EB016475142000B867F /* RadioX.entitlements */,
				9A5571F91632771C00C77B19 /* 3rdParty */,
				9A7A52B5162AD5A300348379 /* Image */,
				9A7A528E162AD25A00348379 /* AppDelegate.h */,
				9A7A528F162AD25A00348379 /* AppDelegate.m */,
				9A7A5297162AD25B00348379 /* MainStoryboard.storyboard */,
				9A5E3B7C164629B900A7AFBC /* xTableChart.h */,
				9A5E3B7D164629B900A7AFBC /* xTableChart.m */,
				9AE74F2D163292A300A5515C /* xActivityViewController.h */,
				9AE74F2E163292A300A5515C /* xActivityViewController.m */,
				9A7A529A162AD25B00348379 /* FirstViewController.h */,
				9A7A529B162AD25B00348379 /* FirstViewController.m */,
				9A7A529D162AD25B00348379 /* first.png */,
				9A7A529F162AD25B00348379 /* first@2x.png */,
				9A7A52A1162AD25B00348379 /* SecondViewController.h */,
				9A7A52A2162AD25C00348379 /* SecondViewController.m */,
				9AE74F311632966700A5515C /* DetailViewController.h */,
				9AE74F321632966700A5515C /* DetailViewController.m */,
				9A7A52A4162AD25C00348379 /* second.png */,
				9A7A52A6162AD25C00348379 /* second@2x.png */,
				9A7A5286162AD25A00348379 /* Supporting Files */,
			);
			path = RadioX;
			sourceTree = "<group>";
		};
		9A7A5286162AD25A00348379 /* Supporting Files */ = {
			isa = PBXGroup;
			children = (
				9A7A5287162AD25A00348379 /* RadioX-Info.plist */,
				9A7A5288162AD25A00348379 /* InfoPlist.strings */,
				9A7A528B162AD25A00348379 /* main.m */,
				9A7A528D162AD25A00348379 /* RadioX-Prefix.pch */,
				9A7A5291162AD25A00348379 /* Default.png */,
				9A7A5293162AD25B00348379 /* Default@2x.png */,
				9A7A5295162AD25B00348379 /* Default-568h@2x.png */,
			);
			name = "Supporting Files";
			sourceTree = "<group>";
		};
		9A7A52B5162AD5A300348379 /* Image */ = {
			isa = PBXGroup;
			children = (
				122F0B8B164ACB060037D1B7 /* icon@2x.png */,
				122F0B89164AC9B30037D1B7 /* pre.png */,
				122F0B85164AC8490037D1B7 /* prexx.png */,
				122F0B7C164AC6FB0037D1B7 /* pre@2x.png */,
				122F0B79164AC5640037D1B7 /* icon.png */,
				121AAA261646BA9D0084A07A /* 124-bullhorn.png */,
				121AAA271646BA9D0084A07A /* 124-bullhorn@2x.png */,
				121AAA2A1646BB010084A07A /* 194-note-2.png */,
				121AAA2B1646BB010084A07A /* 194-note-2@2x.png */,
				121AAA221646BA890084A07A /* 112-group.png */,
				121AAA231646BA890084A07A /* 112-group@2x.png */,
				121AAA1E1646BA350084A07A /* 120-headphones.png */,
				121AAA1F1646BA360084A07A /* 120-headphones@2x.png */,
				121AAA1C1646B91C0084A07A /* down-new@2x.png */,
				121AAA151646B7FE0084A07A /* new-new@2x.png */,
				121AAA161646B7FE0084A07A /* stable-new@2x.png */,
				121AAA171646B7FE0084A07A /* up-new@2x.png */,
				121AAA0C1646B0BB0084A07A /* down-new.png */,
				121AAA0D1646B0BB0084A07A /* new-new.png */,
				121AAA0E1646B0BB0084A07A /* stable-new.png */,
				121AAA0F1646B0BB0084A07A /* up-new.png */,
				121AAA0A1646AB6C0084A07A /* bg_live.png */,
				121AAA081646AB590084A07A /* logo@2x.png */,
				121AAA061646AB390084A07A /* fbbutton@2x.png */,
				121AAA041646AB320084A07A /* smsbutton@2x.png */,
				121AA9FE1646AB180084A07A /* pausebutton.png */,
				121AA9FF1646AB190084A07A /* pausebutton@2x.png */,
				121AAA001646AB190084A07A /* playbutton@2x.png */,
				9A1B1496163275A100527874 /* Gradient_background.png */,
				9A1B14941632748100527874 /* bg_live@2x.png */,
				9A7A52AD162AD59E00348379 /* fbbutton.png */,
				9A7A52AE162AD59E00348379 /* logo.png */,
				9A7A52AF162AD59E00348379 /* playbutton.png */,
				9A7A52B0162AD59E00348379 /* smsbutton.png */,
			);
			name = Image;
			sourceTree = "<group>";
		};
/* End PBXGroup section */

/* Begin PBXNativeTarget section */
		9A7A527A162AD25A00348379 /* RadioX */ = {
			isa = PBXNativeTarget;
			buildConfigurationList = 9A7A52AA162AD25C00348379 /* Build configuration list for PBXNativeTarget "RadioX" */;
			buildPhases = (
				9A7A5277162AD25A00348379 /* Sources */,
				9A7A5278162AD25A00348379 /* Frameworks */,
				9A7A5279162AD25A00348379 /* Resources */,
			);
			buildRules = (
			);
			dependencies = (
			);
			name = RadioX;
			productName = RadioX;
			productReference = 9A7A527B162AD25A00348379 /* RadioX.app */;
			productType = "com.apple.product-type.application";
		};
/* End PBXNativeTarget section */

/* Begin PBXProject section */
		9A7A5272162AD25A00348379 /* Project object */ = {
			isa = PBXProject;
			attributes = {
				LastUpgradeCheck = 0450;
				ORGANIZATIONNAME = "witawat wanamonthon";
			};
			buildConfigurationList = 9A7A5275162AD25A00348379 /* Build configuration list for PBXProject "RadioX" */;
			compatibilityVersion = "Xcode 3.2";
			developmentRegion = English;
			hasScannedForEncodings = 0;
			knownRegions = (
				en,
			);
			mainGroup = 9A7A5270162AD25A00348379;
			productRefGroup = 9A7A527C162AD25A00348379 /* Products */;
			projectDirPath = "";
			projectRoot = "";
			targets = (
				9A7A527A162AD25A00348379 /* RadioX */,
			);
		};
/* End PBXProject section */

/* Begin PBXResourcesBuildPhase section */
		9A7A5279162AD25A00348379 /* Resources */ = {
			isa = PBXResourcesBuildPhase;
			buildActionMask = 2147483647;
			files = (
				9A7A528A162AD25A00348379 /* InfoPlist.strings in Resources */,
				9A7A5296162AD25B00348379 /* Default-568h@2x.png in Resources */,
				9A7A5299162AD25B00348379 /* MainStoryboard.storyboard in Resources */,
				9A7A529E162AD25B00348379 /* first.png in Resources */,
				9A7A52A0162AD25B00348379 /* first@2x.png in Resources */,
				9A7A52A5162AD25C00348379 /* second.png in Resources */,
				9A7A52A7162AD25C00348379 /* second@2x.png in Resources */,
				9A7A52B1162AD59E00348379 /* fbbutton.png in Resources */,
				9A7A52B2162AD59E00348379 /* logo.png in Resources */,
				9A7A52B3162AD59E00348379 /* playbutton.png in Resources */,
				9A7A52B4162AD59E00348379 /* smsbutton.png in Resources */,
				9A1B14951632748100527874 /* bg_live@2x.png in Resources */,
				9A1B1497163275A100527874 /* Gradient_background.png in Resources */,
				121AAA011646AB190084A07A /* pausebutton.png in Resources */,
				121AAA021646AB190084A07A /* pausebutton@2x.png in Resources */,
				121AAA031646AB190084A07A /* playbutton@2x.png in Resources */,
				121AAA051646AB320084A07A /* smsbutton@2x.png in Resources */,
				121AAA071646AB390084A07A /* fbbutton@2x.png in Resources */,
				121AAA091646AB590084A07A /* logo@2x.png in Resources */,
				121AAA0B1646AB6C0084A07A /* bg_live.png in Resources */,
				121AAA101646B0BB0084A07A /* down-new.png in Resources */,
				121AAA111646B0BB0084A07A /* new-new.png in Resources */,
				121AAA121646B0BB0084A07A /* stable-new.png in Resources */,
				121AAA131646B0BB0084A07A /* up-new.png in Resources */,
				121AAA191646B7FE0084A07A /* new-new@2x.png in Resources */,
				121AAA1A1646B7FE0084A07A /* stable-new@2x.png in Resources */,
				121AAA1B1646B7FE0084A07A /* up-new@2x.png in Resources */,
				121AAA1D1646B91C0084A07A /* down-new@2x.png in Resources */,
				121AAA201646BA360084A07A /* 120-headphones.png in Resources */,
				121AAA211646BA360084A07A /* 120-headphones@2x.png in Resources */,
				121AAA241646BA890084A07A /* 112-group.png in Resources */,
				121AAA251646BA890084A07A /* 112-group@2x.png in Resources */,
				121AAA281646BA9D0084A07A /* 124-bullhorn.png in Resources */,
				121AAA291646BA9D0084A07A /* 124-bullhorn@2x.png in Resources */,
				121AAA2C1646BB010084A07A /* 194-note-2.png in Resources */,
				121AAA2D1646BB010084A07A /* 194-note-2@2x.png in Resources */,
				122F0B7E164AC6FB0037D1B7 /* pre@2x.png in Resources */,
				122F0B86164AC8490037D1B7 /* prexx.png in Resources */,
				122F0B8A164AC9B30037D1B7 /* pre.png in Resources */,
				61E326AC16B6418D00A9B732 /* Default.png in Resources */,
				61E326AD16B6418D00A9B732 /* Default@2x.png in Resources */,
				61E326AF16B642B000A9B732 /* Default-568h@2x.png in Resources */,
				61E326B116B6445D00A9B732 /* icon.png in Resources */,
				61E326B316B6446700A9B732 /* icon@2x.png in Resources */,
			);
			runOnlyForDeploymentPostprocessing = 0;
		};
/* End PBXResourcesBuildPhase section */

/* Begin PBXSourcesBuildPhase section */
		9A7A5277162AD25A00348379 /* Sources */ = {
			isa = PBXSourcesBuildPhase;
			buildActionMask = 2147483647;
			files = (
				9A7A528C162AD25A00348379 /* main.m in Sources */,
				9A7A5290162AD25A00348379 /* AppDelegate.m in Sources */,
				9A7A529C162AD25B00348379 /* FirstViewController.m in Sources */,
				9A7A52A3162AD25C00348379 /* SecondViewController.m in Sources */,
				9A5572131632772E00C77B19 /* NSObject+SBJson.m in Sources */,
				9A5572141632772E00C77B19 /* SBJsonParser.m in Sources */,
				9A5572151632772E00C77B19 /* SBJsonStreamParser.m in Sources */,
				9A5572161632772E00C77B19 /* SBJsonStreamParserAccumulator.m in Sources */,
				9A5572171632772E00C77B19 /* SBJsonStreamParserAdapter.m in Sources */,
				9A5572181632772E00C77B19 /* SBJsonStreamParserState.m in Sources */,
				9A5572191632772E00C77B19 /* SBJsonStreamWriter.m in Sources */,
				9A55721A1632772E00C77B19 /* SBJsonStreamWriterAccumulator.m in Sources */,
				9A55721B1632772E00C77B19 /* SBJsonStreamWriterState.m in Sources */,
				9A55721C1632772E00C77B19 /* SBJsonTokeniser.m in Sources */,
				9A55721D1632772E00C77B19 /* SBJsonUTF8Stream.m in Sources */,
				9A55721E1632772E00C77B19 /* SBJsonWriter.m in Sources */,
				9AE74F2F163292A300A5515C /* xActivityViewController.m in Sources */,
				9AE74F331632966700A5515C /* DetailViewController.m in Sources */,
				9A5E3B7E164629B900A7AFBC /* xTableChart.m in Sources */,
				9A30802016B64967002B14D6 /* MBProgressHUD.m in Sources */,
			);
			runOnlyForDeploymentPostprocessing = 0;
		};
/* End PBXSourcesBuildPhase section */

/* Begin PBXVariantGroup section */
		9A7A5288162AD25A00348379 /* InfoPlist.strings */ = {
			isa = PBXVariantGroup;
			children = (
				9A7A5289162AD25A00348379 /* en */,
			);
			name = InfoPlist.strings;
			sourceTree = "<group>";
		};
		9A7A5297162AD25B00348379 /* MainStoryboard.storyboard */ = {
			isa = PBXVariantGroup;
			children = (
				9A7A5298162AD25B00348379 /* en */,
			);
			name = MainStoryboard.storyboard;
			sourceTree = "<group>";
		};
/* End PBXVariantGroup section */

/* Begin XCBuildConfiguration section */
		9A7A52A8162AD25C00348379 /* Debug */ = {
			isa = XCBuildConfiguration;
			buildSettings = {
				ALWAYS_SEARCH_USER_PATHS = NO;
				CLANG_CXX_LANGUAGE_STANDARD = "gnu++0x";
				CLANG_CXX_LIBRARY = "libc++";
				CLANG_ENABLE_OBJC_ARC = YES;
				CLANG_WARN_EMPTY_BODY = YES;
				CLANG_WARN__DUPLICATE_METHOD_MATCH = YES;
				"CODE_SIGN_IDENTITY[sdk=iphoneos*]" = "iPhone Developer";
				COPY_PHASE_STRIP = NO;
				GCC_C_LANGUAGE_STANDARD = gnu99;
				GCC_DYNAMIC_NO_PIC = NO;
				GCC_OPTIMIZATION_LEVEL = 0;
				GCC_PREPROCESSOR_DEFINITIONS = (
					"DEBUG=1",
					"$(inherited)",
				);
				GCC_SYMBOLS_PRIVATE_EXTERN = NO;
				GCC_WARN_ABOUT_RETURN_TYPE = YES;
				GCC_WARN_UNINITIALIZED_AUTOS = YES;
				GCC_WARN_UNUSED_VARIABLE = YES;
				IPHONEOS_DEPLOYMENT_TARGET = 6.0;
				ONLY_ACTIVE_ARCH = YES;
				SDKROOT = iphoneos;
			};
			name = Debug;
		};
		9A7A52A9162AD25C00348379 /* Release */ = {
			isa = XCBuildConfiguration;
			buildSettings = {
				ALWAYS_SEARCH_USER_PATHS = NO;
				CLANG_CXX_LANGUAGE_STANDARD = "gnu++0x";
				CLANG_CXX_LIBRARY = "libc++";
				CLANG_ENABLE_OBJC_ARC = YES;
				CLANG_WARN_EMPTY_BODY = YES;
				CLANG_WARN__DUPLICATE_METHOD_MATCH = YES;
				"CODE_SIGN_IDENTITY[sdk=iphoneos*]" = "iPhone Developer";
				COPY_PHASE_STRIP = YES;
				GCC_C_LANGUAGE_STANDARD = gnu99;
				GCC_WARN_ABOUT_RETURN_TYPE = YES;
				GCC_WARN_UNINITIALIZED_AUTOS = YES;
				GCC_WARN_UNUSED_VARIABLE = YES;
				IPHONEOS_DEPLOYMENT_TARGET = 6.0;
				OTHER_CFLAGS = "-DNS_BLOCK_ASSERTIONS=1";
				SDKROOT = iphoneos;
				VALIDATE_PRODUCT = YES;
			};
			name = Release;
		};
		9A7A52AB162AD25C00348379 /* Debug */ = {
			isa = XCBuildConfiguration;
			buildSettings = {
				"CODE_SIGN_IDENTITY[sdk=iphoneos*]" = "iPhone Developer: Arluk Eampraserth (H6KK4684A7)";
				GCC_PRECOMPILE_PREFIX_HEADER = YES;
				GCC_PREFIX_HEADER = "RadioX/RadioX-Prefix.pch";
				INFOPLIST_FILE = "RadioX/RadioX-Info.plist";
				IPHONEOS_DEPLOYMENT_TARGET = 6.0;
				PRODUCT_NAME = "$(TARGET_NAME)";
				"PROVISIONING_PROFILE[sdk=iphoneos*]" = "7D169BB3-B903-4271-A100-91053D815B6B";
				WRAPPER_EXTENSION = app;
			};
			name = Debug;
		};
		9A7A52AC162AD25C00348379 /* Release */ = {
			isa = XCBuildConfiguration;
			buildSettings = {
				"CODE_SIGN_IDENTITY[sdk=iphoneos*]" = "iPhone Developer: Arluk Eampraserth (H6KK4684A7)";
				GCC_PRECOMPILE_PREFIX_HEADER = YES;
				GCC_PREFIX_HEADER = "RadioX/RadioX-Prefix.pch";
				INFOPLIST_FILE = "RadioX/RadioX-Info.plist";
				IPHONEOS_DEPLOYMENT_TARGET = 6.0;
				PRODUCT_NAME = "$(TARGET_NAME)";
				"PROVISIONING_PROFILE[sdk=iphoneos*]" = "7D169BB3-B903-4271-A100-91053D815B6B";
				WRAPPER_EXTENSION = app;
			};
			name = Release;
		};
/* End XCBuildConfiguration section */

/* Begin XCConfigurationList section */
		9A7A5275162AD25A00348379 /* Build configuration list for PBXProject "RadioX" */ = {
			isa = XCConfigurationList;
			buildConfigurations = (
				9A7A52A8162AD25C00348379 /* Debug */,
				9A7A52A9162AD25C00348379 /* Release */,
			);
			defaultConfigurationIsVisible = 0;
			defaultConfigurationName = Release;
		};
		9A7A52AA162AD25C00348379 /* Build configuration list for PBXNativeTarget "RadioX" */ = {
			isa = XCConfigurationList;
			buildConfigurations = (
				9A7A52AB162AD25C00348379 /* Debug */,
				9A7A52AC162AD25C00348379 /* Release */,
			);
			defaultConfigurationIsVisible = 0;
			defaultConfigurationName = Release;
		};
/* End XCConfigurationList section */
	};
	rootObject = 9A7A5272162AD25A00348379 /* Project object */;
}
